// !$*UTF8*$!
{
	archiveVersion = 1;
	classes = {
	};
	objectVersion = 50;
	objects = {

/* Begin PBXBuildFile section */
		CC959DDE2506D0EF006DCB9C /* SearchCriteriaViewController.swift in Sources */ = {isa = PBXBuildFile; fileRef = CC959DDC2506D0EF006DCB9C /* SearchCriteriaViewController.swift */; };
		CC959DDF2506D0EF006DCB9C /* SearchCriteriaViewController.xib in Resources */ = {isa = PBXBuildFile; fileRef = CC959DDD2506D0EF006DCB9C /* SearchCriteriaViewController.xib */; };
		CC959DE12506D696006DCB9C /* flights.json in Resources */ = {isa = PBXBuildFile; fileRef = CC959DE02506D696006DCB9C /* flights.json */; };
		CC9A3BD2250598E20019C07F /* AppDelegate.swift in Sources */ = {isa = PBXBuildFile; fileRef = CC9A3BD1250598E20019C07F /* AppDelegate.swift */; };
		CC9A3BD4250598E20019C07F /* SceneDelegate.swift in Sources */ = {isa = PBXBuildFile; fileRef = CC9A3BD3250598E20019C07F /* SceneDelegate.swift */; };
		CC9A3BDB250598E80019C07F /* Assets.xcassets in Resources */ = {isa = PBXBuildFile; fileRef = CC9A3BDA250598E80019C07F /* Assets.xcassets */; };
		CC9A3BE9250598E80019C07F /* Flight_Tracker_NetworkTests.swift in Sources */ = {isa = PBXBuildFile; fileRef = CC9A3BE8250598E80019C07F /* Flight_Tracker_NetworkTests.swift */; };
		CC9A3BF4250598E80019C07F /* Flight_Tracker_NetworkUITests.swift in Sources */ = {isa = PBXBuildFile; fileRef = CC9A3BF3250598E80019C07F /* Flight_Tracker_NetworkUITests.swift */; };
		CC9A3C0325059B200019C07F /* LaunchScreen.xib in Resources */ = {isa = PBXBuildFile; fileRef = CC9A3C0225059B200019C07F /* LaunchScreen.xib */; };
		CC9A3C0D2505BFA00019C07F /* RootTabBarController.swift in Sources */ = {isa = PBXBuildFile; fileRef = CC9A3C0C2505BFA00019C07F /* RootTabBarController.swift */; };
		CC9A3C102505C1110019C07F /* SettingsViewController.swift in Sources */ = {isa = PBXBuildFile; fileRef = CC9A3C0E2505C1110019C07F /* SettingsViewController.swift */; };
		CC9A3C112505C1110019C07F /* SettingsViewController.xib in Resources */ = {isa = PBXBuildFile; fileRef = CC9A3C0F2505C1110019C07F /* SettingsViewController.xib */; };
		CC9A3C192505F7DD0019C07F /* CommunityTableViewController.swift in Sources */ = {isa = PBXBuildFile; fileRef = CC9A3C172505F7DD0019C07F /* CommunityTableViewController.swift */; };
		CC9A3C1A2505F7DD0019C07F /* CommunityTableViewController.xib in Resources */ = {isa = PBXBuildFile; fileRef = CC9A3C182505F7DD0019C07F /* CommunityTableViewController.xib */; };
		CC9A3C1D2505F8090019C07F /* FlightsViewController.swift in Sources */ = {isa = PBXBuildFile; fileRef = CC9A3C1B2505F8090019C07F /* FlightsViewController.swift */; };
		CC9A3C1E2505F8090019C07F /* FlightsViewController.xib in Resources */ = {isa = PBXBuildFile; fileRef = CC9A3C1C2505F8090019C07F /* FlightsViewController.xib */; };
		CC9A3C252506000F0019C07F /* CommunityPostTableViewCell.xib in Resources */ = {isa = PBXBuildFile; fileRef = CC9A3C202505F85C0019C07F /* CommunityPostTableViewCell.xib */; };
		CC9A3C27250600440019C07F /* CommunityPostTableViewCell.swift in Sources */ = {isa = PBXBuildFile; fileRef = CC9A3C26250600440019C07F /* CommunityPostTableViewCell.swift */; };
		CCBFEEB62509C2E500E29882 /* SearchViewController.swift in Sources */ = {isa = PBXBuildFile; fileRef = CCBFEEB42509C2E500E29882 /* SearchViewController.swift */; };
		CCBFEEB72509C2E500E29882 /* SearchViewController.xib in Resources */ = {isa = PBXBuildFile; fileRef = CCBFEEB52509C2E500E29882 /* SearchViewController.xib */; };
		CCBFEEBA250AF9DF00E29882 /* Router.swift in Sources */ = {isa = PBXBuildFile; fileRef = CCBFEEB9250AF9DF00E29882 /* Router.swift */; };
		CCBFEEBE250B397700E29882 /* Constants.swift in Sources */ = {isa = PBXBuildFile; fileRef = CCBFEEBD250B397700E29882 /* Constants.swift */; };
		CCCD55A92509617A004B20D0 /* Flight.swift in Sources */ = {isa = PBXBuildFile; fileRef = CCCD55A82509617A004B20D0 /* Flight.swift */; };
		CCCD55AB250961F0004B20D0 /* Departure.swift in Sources */ = {isa = PBXBuildFile; fileRef = CCCD55AA250961F0004B20D0 /* Departure.swift */; };
		CCCD55AD250963A7004B20D0 /* Arrival.swift in Sources */ = {isa = PBXBuildFile; fileRef = CCCD55AC250963A7004B20D0 /* Arrival.swift */; };
		CCCD55AF25096424004B20D0 /* File.swift in Sources */ = {isa = PBXBuildFile; fileRef = CCCD55AE25096424004B20D0 /* File.swift */; };
		CCCD55B12509676F004B20D0 /* Aircraft.swift in Sources */ = {isa = PBXBuildFile; fileRef = CCCD55B02509676F004B20D0 /* Aircraft.swift */; };
		CCCD55B325096D11004B20D0 /* LiveLocation.swift in Sources */ = {isa = PBXBuildFile; fileRef = CCCD55B225096D11004B20D0 /* LiveLocation.swift */; };
		CCCD55B525099A85004B20D0 /* airlines.json in Resources */ = {isa = PBXBuildFile; fileRef = CCCD55B425099A85004B20D0 /* airlines.json */; };
/* End PBXBuildFile section */

/* Begin PBXContainerItemProxy section */
		CC9A3BE5250598E80019C07F /* PBXContainerItemProxy */ = {
			isa = PBXContainerItemProxy;
			containerPortal = CC9A3BC6250598E10019C07F /* Project object */;
			proxyType = 1;
			remoteGlobalIDString = CC9A3BCD250598E20019C07F;
			remoteInfo = "Flight Tracker Network";
		};
		CC9A3BF0250598E80019C07F /* PBXContainerItemProxy */ = {
			isa = PBXContainerItemProxy;
			containerPortal = CC9A3BC6250598E10019C07F /* Project object */;
			proxyType = 1;
			remoteGlobalIDString = CC9A3BCD250598E20019C07F;
			remoteInfo = "Flight Tracker Network";
		};
/* End PBXContainerItemProxy section */

/* Begin PBXFileReference section */
		CC959DDC2506D0EF006DCB9C /* SearchCriteriaViewController.swift */ = {isa = PBXFileReference; lastKnownFileType = sourcecode.swift; path = SearchCriteriaViewController.swift; sourceTree = "<group>"; };
		CC959DDD2506D0EF006DCB9C /* SearchCriteriaViewController.xib */ = {isa = PBXFileReference; lastKnownFileType = file.xib; path = SearchCriteriaViewController.xib; sourceTree = "<group>"; };
		CC959DE02506D696006DCB9C /* flights.json */ = {isa = PBXFileReference; fileEncoding = 4; lastKnownFileType = text.json; path = flights.json; sourceTree = "<group>"; };
		CC9A3BCE250598E20019C07F /* Flight Tracker Network.app */ = {isa = PBXFileReference; explicitFileType = wrapper.application; includeInIndex = 0; path = "Flight Tracker Network.app"; sourceTree = BUILT_PRODUCTS_DIR; };
		CC9A3BD1250598E20019C07F /* AppDelegate.swift */ = {isa = PBXFileReference; lastKnownFileType = sourcecode.swift; path = AppDelegate.swift; sourceTree = "<group>"; };
		CC9A3BD3250598E20019C07F /* SceneDelegate.swift */ = {isa = PBXFileReference; lastKnownFileType = sourcecode.swift; path = SceneDelegate.swift; sourceTree = "<group>"; };
		CC9A3BDA250598E80019C07F /* Assets.xcassets */ = {isa = PBXFileReference; lastKnownFileType = folder.assetcatalog; path = Assets.xcassets; sourceTree = "<group>"; };
		CC9A3BDF250598E80019C07F /* Info.plist */ = {isa = PBXFileReference; lastKnownFileType = text.plist.xml; name = Info.plist; path = "Flight Tracker Network/Supporting Files/Info.plist"; sourceTree = SOURCE_ROOT; };
		CC9A3BE4250598E80019C07F /* Flight Tracker NetworkTests.xctest */ = {isa = PBXFileReference; explicitFileType = wrapper.cfbundle; includeInIndex = 0; path = "Flight Tracker NetworkTests.xctest"; sourceTree = BUILT_PRODUCTS_DIR; };
		CC9A3BE8250598E80019C07F /* Flight_Tracker_NetworkTests.swift */ = {isa = PBXFileReference; lastKnownFileType = sourcecode.swift; path = Flight_Tracker_NetworkTests.swift; sourceTree = "<group>"; };
		CC9A3BEA250598E80019C07F /* Info.plist */ = {isa = PBXFileReference; lastKnownFileType = text.plist.xml; path = Info.plist; sourceTree = "<group>"; };
		CC9A3BEF250598E80019C07F /* Flight Tracker NetworkUITests.xctest */ = {isa = PBXFileReference; explicitFileType = wrapper.cfbundle; includeInIndex = 0; path = "Flight Tracker NetworkUITests.xctest"; sourceTree = BUILT_PRODUCTS_DIR; };
		CC9A3BF3250598E80019C07F /* Flight_Tracker_NetworkUITests.swift */ = {isa = PBXFileReference; lastKnownFileType = sourcecode.swift; path = Flight_Tracker_NetworkUITests.swift; sourceTree = "<group>"; };
		CC9A3BF5250598E80019C07F /* Info.plist */ = {isa = PBXFileReference; lastKnownFileType = text.plist.xml; path = Info.plist; sourceTree = "<group>"; };
		CC9A3C0225059B200019C07F /* LaunchScreen.xib */ = {isa = PBXFileReference; lastKnownFileType = file.xib; path = LaunchScreen.xib; sourceTree = "<group>"; };
		CC9A3C0C2505BFA00019C07F /* RootTabBarController.swift */ = {isa = PBXFileReference; lastKnownFileType = sourcecode.swift; name = RootTabBarController.swift; path = "Flight Tracker Network/App/Controllers/Root/RootTabBarController.swift"; sourceTree = SOURCE_ROOT; };
		CC9A3C0E2505C1110019C07F /* SettingsViewController.swift */ = {isa = PBXFileReference; lastKnownFileType = sourcecode.swift; path = SettingsViewController.swift; sourceTree = "<group>"; };
		CC9A3C0F2505C1110019C07F /* SettingsViewController.xib */ = {isa = PBXFileReference; lastKnownFileType = file.xib; path = SettingsViewController.xib; sourceTree = "<group>"; };
		CC9A3C172505F7DD0019C07F /* CommunityTableViewController.swift */ = {isa = PBXFileReference; lastKnownFileType = sourcecode.swift; path = CommunityTableViewController.swift; sourceTree = "<group>"; };
		CC9A3C182505F7DD0019C07F /* CommunityTableViewController.xib */ = {isa = PBXFileReference; lastKnownFileType = file.xib; path = CommunityTableViewController.xib; sourceTree = "<group>"; };
		CC9A3C1B2505F8090019C07F /* FlightsViewController.swift */ = {isa = PBXFileReference; lastKnownFileType = sourcecode.swift; path = FlightsViewController.swift; sourceTree = "<group>"; };
		CC9A3C1C2505F8090019C07F /* FlightsViewController.xib */ = {isa = PBXFileReference; lastKnownFileType = file.xib; path = FlightsViewController.xib; sourceTree = "<group>"; };
		CC9A3C202505F85C0019C07F /* CommunityPostTableViewCell.xib */ = {isa = PBXFileReference; lastKnownFileType = file.xib; path = CommunityPostTableViewCell.xib; sourceTree = "<group>"; };
		CC9A3C26250600440019C07F /* CommunityPostTableViewCell.swift */ = {isa = PBXFileReference; lastKnownFileType = sourcecode.swift; path = CommunityPostTableViewCell.swift; sourceTree = "<group>"; };
		CCBFEEB42509C2E500E29882 /* SearchViewController.swift */ = {isa = PBXFileReference; lastKnownFileType = sourcecode.swift; path = SearchViewController.swift; sourceTree = "<group>"; };
		CCBFEEB52509C2E500E29882 /* SearchViewController.xib */ = {isa = PBXFileReference; lastKnownFileType = file.xib; path = SearchViewController.xib; sourceTree = "<group>"; };
		CCBFEEB9250AF9DF00E29882 /* Router.swift */ = {isa = PBXFileReference; lastKnownFileType = sourcecode.swift; path = Router.swift; sourceTree = "<group>"; };
		CCBFEEBD250B397700E29882 /* Constants.swift */ = {isa = PBXFileReference; lastKnownFileType = sourcecode.swift; path = Constants.swift; sourceTree = "<group>"; };
		CCCD55A82509617A004B20D0 /* Flight.swift */ = {isa = PBXFileReference; lastKnownFileType = sourcecode.swift; path = Flight.swift; sourceTree = "<group>"; };
		CCCD55AA250961F0004B20D0 /* Departure.swift */ = {isa = PBXFileReference; lastKnownFileType = sourcecode.swift; path = Departure.swift; sourceTree = "<group>"; };
		CCCD55AC250963A7004B20D0 /* Arrival.swift */ = {isa = PBXFileReference; lastKnownFileType = sourcecode.swift; path = Arrival.swift; sourceTree = "<group>"; };
		CCCD55AE25096424004B20D0 /* File.swift */ = {isa = PBXFileReference; lastKnownFileType = sourcecode.swift; path = File.swift; sourceTree = "<group>"; };
		CCCD55B02509676F004B20D0 /* Aircraft.swift */ = {isa = PBXFileReference; lastKnownFileType = sourcecode.swift; path = Aircraft.swift; sourceTree = "<group>"; };
		CCCD55B225096D11004B20D0 /* LiveLocation.swift */ = {isa = PBXFileReference; lastKnownFileType = sourcecode.swift; path = LiveLocation.swift; sourceTree = "<group>"; };
		CCCD55B425099A85004B20D0 /* airlines.json */ = {isa = PBXFileReference; fileEncoding = 4; lastKnownFileType = text.json; path = airlines.json; sourceTree = "<group>"; };
/* End PBXFileReference section */

/* Begin PBXFrameworksBuildPhase section */
		CC9A3BCB250598E20019C07F /* Frameworks */ = {
			isa = PBXFrameworksBuildPhase;
			buildActionMask = 2147483647;
			files = (
			);
			runOnlyForDeploymentPostprocessing = 0;
		};
		CC9A3BE1250598E80019C07F /* Frameworks */ = {
			isa = PBXFrameworksBuildPhase;
			buildActionMask = 2147483647;
			files = (
			);
			runOnlyForDeploymentPostprocessing = 0;
		};
		CC9A3BEC250598E80019C07F /* Frameworks */ = {
			isa = PBXFrameworksBuildPhase;
			buildActionMask = 2147483647;
			files = (
			);
			runOnlyForDeploymentPostprocessing = 0;
		};
/* End PBXFrameworksBuildPhase section */

/* Begin PBXGroup section */
		CC959DDB2506CD12006DCB9C /* Search */ = {
			isa = PBXGroup;
			children = (
				CC959DDC2506D0EF006DCB9C /* SearchCriteriaViewController.swift */,
				CC959DDD2506D0EF006DCB9C /* SearchCriteriaViewController.xib */,
				CCBFEEB42509C2E500E29882 /* SearchViewController.swift */,
				CCBFEEB52509C2E500E29882 /* SearchViewController.xib */,
			);
			path = Search;
			sourceTree = "<group>";
		};
		CC9A3BC5250598E10019C07F = {
			isa = PBXGroup;
			children = (
				CC9A3BD0250598E20019C07F /* Flight Tracker Network */,
				CC9A3BE7250598E80019C07F /* Flight Tracker NetworkTests */,
				CC9A3BF2250598E80019C07F /* Flight Tracker NetworkUITests */,
				CC9A3BCF250598E20019C07F /* Products */,
			);
			sourceTree = "<group>";
		};
		CC9A3BCF250598E20019C07F /* Products */ = {
			isa = PBXGroup;
			children = (
				CC9A3BCE250598E20019C07F /* Flight Tracker Network.app */,
				CC9A3BE4250598E80019C07F /* Flight Tracker NetworkTests.xctest */,
				CC9A3BEF250598E80019C07F /* Flight Tracker NetworkUITests.xctest */,
			);
			name = Products;
			sourceTree = "<group>";
		};
		CC9A3BD0250598E20019C07F /* Flight Tracker Network */ = {
			isa = PBXGroup;
			children = (
				CCBFEEB8250AF9C700E29882 /* Networking */,
				CC9A3C0125059ABF0019C07F /* Supporting Files */,
				CC9A3C0425059CBB0019C07F /* App */,
			);
			path = "Flight Tracker Network";
			sourceTree = "<group>";
		};
		CC9A3BE7250598E80019C07F /* Flight Tracker NetworkTests */ = {
			isa = PBXGroup;
			children = (
				CC9A3BE8250598E80019C07F /* Flight_Tracker_NetworkTests.swift */,
				CC9A3BEA250598E80019C07F /* Info.plist */,
			);
			path = "Flight Tracker NetworkTests";
			sourceTree = "<group>";
		};
		CC9A3BF2250598E80019C07F /* Flight Tracker NetworkUITests */ = {
			isa = PBXGroup;
			children = (
				CC9A3BF3250598E80019C07F /* Flight_Tracker_NetworkUITests.swift */,
				CC9A3BF5250598E80019C07F /* Info.plist */,
			);
			path = "Flight Tracker NetworkUITests";
			sourceTree = "<group>";
		};
		CC9A3C0125059ABF0019C07F /* Supporting Files */ = {
			isa = PBXGroup;
			children = (
				CC959DE02506D696006DCB9C /* flights.json */,
				CCCD55B425099A85004B20D0 /* airlines.json */,
				CC9A3BDF250598E80019C07F /* Info.plist */,
				CC9A3BDA250598E80019C07F /* Assets.xcassets */,
			);
			path = "Supporting Files";
			sourceTree = "<group>";
		};
		CC9A3C0425059CBB0019C07F /* App */ = {
			isa = PBXGroup;
			children = (
				CC9A3C152505F7300019C07F /* Delegate Files */,
				CC9A3C0725059D1C0019C07F /* Models */,
				CC9A3C0625059D0B0019C07F /* Controllers */,
				CC9A3C0525059CF30019C07F /* Views */,
			);
			path = App;
			sourceTree = "<group>";
		};
		CC9A3C0525059CF30019C07F /* Views */ = {
			isa = PBXGroup;
			children = (
				CC9A3C28250601050019C07F /* LaunchScreen */,
				CC9A3C232505F8A10019C07F /* TableView Cells */,
			);
			path = Views;
			sourceTree = "<group>";
		};
		CC9A3C0625059D0B0019C07F /* Controllers */ = {
			isa = PBXGroup;
			children = (
				CC959DDB2506CD12006DCB9C /* Search */,
				CC9A3C162505F7B10019C07F /* Community */,
				CC9A3C122505C9BB0019C07F /* Root */,
				CC9A3C142505CA080019C07F /* Settings */,
				CC9A3C132505C9CE0019C07F /* Flights */,
			);
			path = Controllers;
			sourceTree = "<group>";
		};
		CC9A3C0725059D1C0019C07F /* Models */ = {
			isa = PBXGroup;
			children = (
				CCCD55A82509617A004B20D0 /* Flight.swift */,
				CCCD55AA250961F0004B20D0 /* Departure.swift */,
				CCCD55AC250963A7004B20D0 /* Arrival.swift */,
				CCCD55AE25096424004B20D0 /* File.swift */,
				CCCD55B02509676F004B20D0 /* Aircraft.swift */,
				CCCD55B225096D11004B20D0 /* LiveLocation.swift */,
			);
			path = Models;
			sourceTree = "<group>";
		};
		CC9A3C122505C9BB0019C07F /* Root */ = {
			isa = PBXGroup;
			children = (
				CC9A3C0C2505BFA00019C07F /* RootTabBarController.swift */,
			);
			path = Root;
			sourceTree = "<group>";
		};
		CC9A3C132505C9CE0019C07F /* Flights */ = {
			isa = PBXGroup;
			children = (
				CC9A3C1B2505F8090019C07F /* FlightsViewController.swift */,
				CC9A3C1C2505F8090019C07F /* FlightsViewController.xib */,
			);
			path = Flights;
			sourceTree = "<group>";
		};
		CC9A3C142505CA080019C07F /* Settings */ = {
			isa = PBXGroup;
			children = (
				CC9A3C0E2505C1110019C07F /* SettingsViewController.swift */,
				CC9A3C0F2505C1110019C07F /* SettingsViewController.xib */,
			);
			path = Settings;
			sourceTree = "<group>";
		};
		CC9A3C152505F7300019C07F /* Delegate Files */ = {
			isa = PBXGroup;
			children = (
				CC9A3BD1250598E20019C07F /* AppDelegate.swift */,
				CC9A3BD3250598E20019C07F /* SceneDelegate.swift */,
			);
			path = "Delegate Files";
			sourceTree = "<group>";
		};
		CC9A3C162505F7B10019C07F /* Community */ = {
			isa = PBXGroup;
			children = (
				CC9A3C172505F7DD0019C07F /* CommunityTableViewController.swift */,
				CC9A3C182505F7DD0019C07F /* CommunityTableViewController.xib */,
			);
			path = Community;
			sourceTree = "<group>";
		};
		CC9A3C232505F8A10019C07F /* TableView Cells */ = {
			isa = PBXGroup;
			children = (
				CC9A3C202505F85C0019C07F /* CommunityPostTableViewCell.xib */,
				CC9A3C26250600440019C07F /* CommunityPostTableViewCell.swift */,
			);
			path = "TableView Cells";
			sourceTree = "<group>";
		};
		CC9A3C28250601050019C07F /* LaunchScreen */ = {
			isa = PBXGroup;
			children = (
				CC9A3C0225059B200019C07F /* LaunchScreen.xib */,
			);
			path = LaunchScreen;
			sourceTree = "<group>";
		};
		CCBFEEB8250AF9C700E29882 /* Networking */ = {
			isa = PBXGroup;
			children = (
				CCBFEEBD250B397700E29882 /* Constants.swift */,
				CCBFEEB9250AF9DF00E29882 /* Router.swift */,
			);
			path = Networking;
			sourceTree = "<group>";
		};
/* End PBXGroup section */

/* Begin PBXNativeTarget section */
		CC9A3BCD250598E20019C07F /* Flight Tracker Network */ = {
			isa = PBXNativeTarget;
			buildConfigurationList = CC9A3BF8250598E80019C07F /* Build configuration list for PBXNativeTarget "Flight Tracker Network" */;
			buildPhases = (
				CC9A3BCA250598E20019C07F /* Sources */,
				CC9A3BCB250598E20019C07F /* Frameworks */,
				CC9A3BCC250598E20019C07F /* Resources */,
			);
			buildRules = (
			);
			dependencies = (
			);
			name = "Flight Tracker Network";
			productName = "Flight Tracker Network";
			productReference = CC9A3BCE250598E20019C07F /* Flight Tracker Network.app */;
			productType = "com.apple.product-type.application";
		};
		CC9A3BE3250598E80019C07F /* Flight Tracker NetworkTests */ = {
			isa = PBXNativeTarget;
			buildConfigurationList = CC9A3BFB250598E80019C07F /* Build configuration list for PBXNativeTarget "Flight Tracker NetworkTests" */;
			buildPhases = (
				CC9A3BE0250598E80019C07F /* Sources */,
				CC9A3BE1250598E80019C07F /* Frameworks */,
				CC9A3BE2250598E80019C07F /* Resources */,
			);
			buildRules = (
			);
			dependencies = (
				CC9A3BE6250598E80019C07F /* PBXTargetDependency */,
			);
			name = "Flight Tracker NetworkTests";
			productName = "Flight Tracker NetworkTests";
			productReference = CC9A3BE4250598E80019C07F /* Flight Tracker NetworkTests.xctest */;
			productType = "com.apple.product-type.bundle.unit-test";
		};
		CC9A3BEE250598E80019C07F /* Flight Tracker NetworkUITests */ = {
			isa = PBXNativeTarget;
			buildConfigurationList = CC9A3BFE250598E80019C07F /* Build configuration list for PBXNativeTarget "Flight Tracker NetworkUITests" */;
			buildPhases = (
				CC9A3BEB250598E80019C07F /* Sources */,
				CC9A3BEC250598E80019C07F /* Frameworks */,
				CC9A3BED250598E80019C07F /* Resources */,
			);
			buildRules = (
			);
			dependencies = (
				CC9A3BF1250598E80019C07F /* PBXTargetDependency */,
			);
			name = "Flight Tracker NetworkUITests";
			productName = "Flight Tracker NetworkUITests";
			productReference = CC9A3BEF250598E80019C07F /* Flight Tracker NetworkUITests.xctest */;
			productType = "com.apple.product-type.bundle.ui-testing";
		};
/* End PBXNativeTarget section */

/* Begin PBXProject section */
		CC9A3BC6250598E10019C07F /* Project object */ = {
			isa = PBXProject;
			attributes = {
				LastSwiftUpdateCheck = 1170;
				LastUpgradeCheck = 1170;
				ORGANIZATIONNAME = "Mbusi Hlatshwayo";
				TargetAttributes = {
					CC9A3BCD250598E20019C07F = {
						CreatedOnToolsVersion = 11.7;
					};
					CC9A3BE3250598E80019C07F = {
						CreatedOnToolsVersion = 11.7;
						TestTargetID = CC9A3BCD250598E20019C07F;
					};
					CC9A3BEE250598E80019C07F = {
						CreatedOnToolsVersion = 11.7;
						TestTargetID = CC9A3BCD250598E20019C07F;
					};
				};
			};
			buildConfigurationList = CC9A3BC9250598E10019C07F /* Build configuration list for PBXProject "Flight Tracker Network" */;
			compatibilityVersion = "Xcode 9.3";
			developmentRegion = en;
			hasScannedForEncodings = 0;
			knownRegions = (
				en,
				Base,
			);
			mainGroup = CC9A3BC5250598E10019C07F;
			productRefGroup = CC9A3BCF250598E20019C07F /* Products */;
			projectDirPath = "";
			projectRoot = "";
			targets = (
				CC9A3BCD250598E20019C07F /* Flight Tracker Network */,
				CC9A3BE3250598E80019C07F /* Flight Tracker NetworkTests */,
				CC9A3BEE250598E80019C07F /* Flight Tracker NetworkUITests */,
			);
		};
/* End PBXProject section */

/* Begin PBXResourcesBuildPhase section */
		CC9A3BCC250598E20019C07F /* Resources */ = {
			isa = PBXResourcesBuildPhase;
			buildActionMask = 2147483647;
			files = (
				CC9A3C0325059B200019C07F /* LaunchScreen.xib in Resources */,
				CC9A3BDB250598E80019C07F /* Assets.xcassets in Resources */,
				CC959DDF2506D0EF006DCB9C /* SearchCriteriaViewController.xib in Resources */,
				CC9A3C1A2505F7DD0019C07F /* CommunityTableViewController.xib in Resources */,
				CC9A3C1E2505F8090019C07F /* FlightsViewController.xib in Resources */,
				CC959DE12506D696006DCB9C /* flights.json in Resources */,
				CCCD55B525099A85004B20D0 /* airlines.json in Resources */,
				CC9A3C112505C1110019C07F /* SettingsViewController.xib in Resources */,
				CCBFEEB72509C2E500E29882 /* SearchViewController.xib in Resources */,
				CC9A3C252506000F0019C07F /* CommunityPostTableViewCell.xib in Resources */,
			);
			runOnlyForDeploymentPostprocessing = 0;
		};
		CC9A3BE2250598E80019C07F /* Resources */ = {
			isa = PBXResourcesBuildPhase;
			buildActionMask = 2147483647;
			files = (
			);
			runOnlyForDeploymentPostprocessing = 0;
		};
		CC9A3BED250598E80019C07F /* Resources */ = {
			isa = PBXResourcesBuildPhase;
			buildActionMask = 2147483647;
			files = (
			);
			runOnlyForDeploymentPostprocessing = 0;
		};
/* End PBXResourcesBuildPhase section */

/* Begin PBXSourcesBuildPhase section */
		CC9A3BCA250598E20019C07F /* Sources */ = {
			isa = PBXSourcesBuildPhase;
			buildActionMask = 2147483647;
			files = (
				CCBFEEB62509C2E500E29882 /* SearchViewController.swift in Sources */,
				CCBFEEBE250B397700E29882 /* Constants.swift in Sources */,
				CC9A3C27250600440019C07F /* CommunityPostTableViewCell.swift in Sources */,
				CCCD55AD250963A7004B20D0 /* Arrival.swift in Sources */,
				CCCD55AB250961F0004B20D0 /* Departure.swift in Sources */,
				CC9A3C1D2505F8090019C07F /* FlightsViewController.swift in Sources */,
				CC959DDE2506D0EF006DCB9C /* SearchCriteriaViewController.swift in Sources */,
				CC9A3C192505F7DD0019C07F /* CommunityTableViewController.swift in Sources */,
				CC9A3BD2250598E20019C07F /* AppDelegate.swift in Sources */,
				CCBFEEBA250AF9DF00E29882 /* Router.swift in Sources */,
				CCCD55B12509676F004B20D0 /* Aircraft.swift in Sources */,
				CCCD55B325096D11004B20D0 /* LiveLocation.swift in Sources */,
				CC9A3C0D2505BFA00019C07F /* RootTabBarController.swift in Sources */,
				CCCD55A92509617A004B20D0 /* Flight.swift in Sources */,
				CCCD55AF25096424004B20D0 /* File.swift in Sources */,
				CC9A3BD4250598E20019C07F /* SceneDelegate.swift in Sources */,
				CC9A3C102505C1110019C07F /* SettingsViewController.swift in Sources */,
			);
			runOnlyForDeploymentPostprocessing = 0;
		};
		CC9A3BE0250598E80019C07F /* Sources */ = {
			isa = PBXSourcesBuildPhase;
			buildActionMask = 2147483647;
			files = (
				CC9A3BE9250598E80019C07F /* Flight_Tracker_NetworkTests.swift in Sources */,
			);
			runOnlyForDeploymentPostprocessing = 0;
		};
		CC9A3BEB250598E80019C07F /* Sources */ = {
			isa = PBXSourcesBuildPhase;
			buildActionMask = 2147483647;
			files = (
				CC9A3BF4250598E80019C07F /* Flight_Tracker_NetworkUITests.swift in Sources */,
			);
			runOnlyForDeploymentPostprocessing = 0;
		};
/* End PBXSourcesBuildPhase section */

/* Begin PBXTargetDependency section */
		CC9A3BE6250598E80019C07F /* PBXTargetDependency */ = {
			isa = PBXTargetDependency;
			target = CC9A3BCD250598E20019C07F /* Flight Tracker Network */;
			targetProxy = CC9A3BE5250598E80019C07F /* PBXContainerItemProxy */;
		};
		CC9A3BF1250598E80019C07F /* PBXTargetDependency */ = {
			isa = PBXTargetDependency;
			target = CC9A3BCD250598E20019C07F /* Flight Tracker Network */;
			targetProxy = CC9A3BF0250598E80019C07F /* PBXContainerItemProxy */;
		};
/* End PBXTargetDependency section */

/* Begin XCBuildConfiguration section */
		CC9A3BF6250598E80019C07F /* Debug */ = {
			isa = XCBuildConfiguration;
			buildSettings = {
				ALWAYS_SEARCH_USER_PATHS = NO;
				CLANG_ANALYZER_NONNULL = YES;
				CLANG_ANALYZER_NUMBER_OBJECT_CONVERSION = YES_AGGRESSIVE;
				CLANG_CXX_LANGUAGE_STANDARD = "gnu++14";
				CLANG_CXX_LIBRARY = "libc++";
				CLANG_ENABLE_MODULES = YES;
				CLANG_ENABLE_OBJC_ARC = YES;
				CLANG_ENABLE_OBJC_WEAK = YES;
				CLANG_WARN_BLOCK_CAPTURE_AUTORELEASING = YES;
				CLANG_WARN_BOOL_CONVERSION = YES;
				CLANG_WARN_COMMA = YES;
				CLANG_WARN_CONSTANT_CONVERSION = YES;
				CLANG_WARN_DEPRECATED_OBJC_IMPLEMENTATIONS = YES;
				CLANG_WARN_DIRECT_OBJC_ISA_USAGE = YES_ERROR;
				CLANG_WARN_DOCUMENTATION_COMMENTS = YES;
				CLANG_WARN_EMPTY_BODY = YES;
				CLANG_WARN_ENUM_CONVERSION = YES;
				CLANG_WARN_INFINITE_RECURSION = YES;
				CLANG_WARN_INT_CONVERSION = YES;
				CLANG_WARN_NON_LITERAL_NULL_CONVERSION = YES;
				CLANG_WARN_OBJC_IMPLICIT_RETAIN_SELF = YES;
				CLANG_WARN_OBJC_LITERAL_CONVERSION = YES;
				CLANG_WARN_OBJC_ROOT_CLASS = YES_ERROR;
				CLANG_WARN_RANGE_LOOP_ANALYSIS = YES;
				CLANG_WARN_STRICT_PROTOTYPES = YES;
				CLANG_WARN_SUSPICIOUS_MOVE = YES;
				CLANG_WARN_UNGUARDED_AVAILABILITY = YES_AGGRESSIVE;
				CLANG_WARN_UNREACHABLE_CODE = YES;
				CLANG_WARN__DUPLICATE_METHOD_MATCH = YES;
				COPY_PHASE_STRIP = NO;
				DEBUG_INFORMATION_FORMAT = dwarf;
				ENABLE_STRICT_OBJC_MSGSEND = YES;
				ENABLE_TESTABILITY = YES;
				GCC_C_LANGUAGE_STANDARD = gnu11;
				GCC_DYNAMIC_NO_PIC = NO;
				GCC_NO_COMMON_BLOCKS = YES;
				GCC_OPTIMIZATION_LEVEL = 0;
				GCC_PREPROCESSOR_DEFINITIONS = (
					"DEBUG=1",
					"$(inherited)",
				);
				GCC_WARN_64_TO_32_BIT_CONVERSION = YES;
				GCC_WARN_ABOUT_RETURN_TYPE = YES_ERROR;
				GCC_WARN_UNDECLARED_SELECTOR = YES;
				GCC_WARN_UNINITIALIZED_AUTOS = YES_AGGRESSIVE;
				GCC_WARN_UNUSED_FUNCTION = YES;
				GCC_WARN_UNUSED_VARIABLE = YES;
				IPHONEOS_DEPLOYMENT_TARGET = 13.7;
				MTL_ENABLE_DEBUG_INFO = INCLUDE_SOURCE;
				MTL_FAST_MATH = YES;
				ONLY_ACTIVE_ARCH = YES;
				SDKROOT = iphoneos;
				SWIFT_ACTIVE_COMPILATION_CONDITIONS = DEBUG;
				SWIFT_OPTIMIZATION_LEVEL = "-Onone";
			};
			name = Debug;
		};
		CC9A3BF7250598E80019C07F /* Release */ = {
			isa = XCBuildConfiguration;
			buildSettings = {
				ALWAYS_SEARCH_USER_PATHS = NO;
				CLANG_ANALYZER_NONNULL = YES;
				CLANG_ANALYZER_NUMBER_OBJECT_CONVERSION = YES_AGGRESSIVE;
				CLANG_CXX_LANGUAGE_STANDARD = "gnu++14";
				CLANG_CXX_LIBRARY = "libc++";
				CLANG_ENABLE_MODULES = YES;
				CLANG_ENABLE_OBJC_ARC = YES;
				CLANG_ENABLE_OBJC_WEAK = YES;
				CLANG_WARN_BLOCK_CAPTURE_AUTORELEASING = YES;
				CLANG_WARN_BOOL_CONVERSION = YES;
				CLANG_WARN_COMMA = YES;
				CLANG_WARN_CONSTANT_CONVERSION = YES;
				CLANG_WARN_DEPRECATED_OBJC_IMPLEMENTATIONS = YES;
				CLANG_WARN_DIRECT_OBJC_ISA_USAGE = YES_ERROR;
				CLANG_WARN_DOCUMENTATION_COMMENTS = YES;
				CLANG_WARN_EMPTY_BODY = YES;
				CLANG_WARN_ENUM_CONVERSION = YES;
				CLANG_WARN_INFINITE_RECURSION = YES;
				CLANG_WARN_INT_CONVERSION = YES;
				CLANG_WARN_NON_LITERAL_NULL_CONVERSION = YES;
				CLANG_WARN_OBJC_IMPLICIT_RETAIN_SELF = YES;
				CLANG_WARN_OBJC_LITERAL_CONVERSION = YES;
				CLANG_WARN_OBJC_ROOT_CLASS = YES_ERROR;
				CLANG_WARN_RANGE_LOOP_ANALYSIS = YES;
				CLANG_WARN_STRICT_PROTOTYPES = YES;
				CLANG_WARN_SUSPICIOUS_MOVE = YES;
				CLANG_WARN_UNGUARDED_AVAILABILITY = YES_AGGRESSIVE;
				CLANG_WARN_UNREACHABLE_CODE = YES;
				CLANG_WARN__DUPLICATE_METHOD_MATCH = YES;
				COPY_PHASE_STRIP = NO;
				DEBUG_INFORMATION_FORMAT = "dwarf-with-dsym";
				ENABLE_NS_ASSERTIONS = NO;
				ENABLE_STRICT_OBJC_MSGSEND = YES;
				GCC_C_LANGUAGE_STANDARD = gnu11;
				GCC_NO_COMMON_BLOCKS = YES;
				GCC_WARN_64_TO_32_BIT_CONVERSION = YES;
				GCC_WARN_ABOUT_RETURN_TYPE = YES_ERROR;
				GCC_WARN_UNDECLARED_SELECTOR = YES;
				GCC_WARN_UNINITIALIZED_AUTOS = YES_AGGRESSIVE;
				GCC_WARN_UNUSED_FUNCTION = YES;
				GCC_WARN_UNUSED_VARIABLE = YES;
				IPHONEOS_DEPLOYMENT_TARGET = 13.7;
				MTL_ENABLE_DEBUG_INFO = NO;
				MTL_FAST_MATH = YES;
				SDKROOT = iphoneos;
				SWIFT_COMPILATION_MODE = wholemodule;
				SWIFT_OPTIMIZATION_LEVEL = "-O";
				VALIDATE_PRODUCT = YES;
			};
			name = Release;
		};
		CC9A3BF9250598E80019C07F /* Debug */ = {
			isa = XCBuildConfiguration;
			buildSettings = {
				ASSETCATALOG_COMPILER_APPICON_NAME = AppIcon;
				CODE_SIGN_STYLE = Automatic;
				INFOPLIST_FILE = "Flight Tracker Network/Supporting Files/Info.plist";
				LD_RUNPATH_SEARCH_PATHS = (
					"$(inherited)",
					"@executable_path/Frameworks",
				);
				PRODUCT_BUNDLE_IDENTIFIER = "com.mbusi.Flight-Tracker-Network";
				PRODUCT_NAME = "$(TARGET_NAME)";
				SWIFT_VERSION = 5.0;
				TARGETED_DEVICE_FAMILY = "1,2";
			};
			name = Debug;
		};
		CC9A3BFA250598E80019C07F /* Release */ = {
			isa = XCBuildConfiguration;
			buildSettings = {
				ASSETCATALOG_COMPILER_APPICON_NAME = AppIcon;
				CODE_SIGN_STYLE = Automatic;
				INFOPLIST_FILE = "Flight Tracker Network/Supporting Files/Info.plist";
				LD_RUNPATH_SEARCH_PATHS = (
					"$(inherited)",
					"@executable_path/Frameworks",
				);
				PRODUCT_BUNDLE_IDENTIFIER = "com.mbusi.Flight-Tracker-Network";
				PRODUCT_NAME = "$(TARGET_NAME)";
				SWIFT_VERSION = 5.0;
				TARGETED_DEVICE_FAMILY = "1,2";
			};
			name = Release;
		};
		CC9A3BFC250598E80019C07F /* Debug */ = {
			isa = XCBuildConfiguration;
			buildSettings = {
				ALWAYS_EMBED_SWIFT_STANDARD_LIBRARIES = YES;
				BUNDLE_LOADER = "$(TEST_HOST)";
				CODE_SIGN_STYLE = Automatic;
				INFOPLIST_FILE = "Flight Tracker NetworkTests/Info.plist";
				IPHONEOS_DEPLOYMENT_TARGET = 13.7;
				LD_RUNPATH_SEARCH_PATHS = (
					"$(inherited)",
					"@executable_path/Frameworks",
					"@loader_path/Frameworks",
				);
				PRODUCT_BUNDLE_IDENTIFIER = "com.mbusi.Flight-Tracker-NetworkTests";
				PRODUCT_NAME = "$(TARGET_NAME)";
				SWIFT_VERSION = 5.0;
				TARGETED_DEVICE_FAMILY = "1,2";
				TEST_HOST = "$(BUILT_PRODUCTS_DIR)/Flight Tracker Network.app/Flight Tracker Network";
			};
			name = Debug;
		};
		CC9A3BFD250598E80019C07F /* Release */ = {
			isa = XCBuildConfiguration;
			buildSettings = {
				ALWAYS_EMBED_SWIFT_STANDARD_LIBRARIES = YES;
				BUNDLE_LOADER = "$(TEST_HOST)";
				CODE_SIGN_STYLE = Automatic;
				INFOPLIST_FILE = "Flight Tracker NetworkTests/Info.plist";
				IPHONEOS_DEPLOYMENT_TARGET = 13.7;
				LD_RUNPATH_SEARCH_PATHS = (
					"$(inherited)",
					"@executable_path/Frameworks",
					"@loader_path/Frameworks",
				);
				PRODUCT_BUNDLE_IDENTIFIER = "com.mbusi.Flight-Tracker-NetworkTests";
				PRODUCT_NAME = "$(TARGET_NAME)";
				SWIFT_VERSION = 5.0;
				TARGETED_DEVICE_FAMILY = "1,2";
				TEST_HOST = "$(BUILT_PRODUCTS_DIR)/Flight Tracker Network.app/Flight Tracker Network";
			};
			name = Release;
		};
		CC9A3BFF250598E80019C07F /* Debug */ = {
			isa = XCBuildConfiguration;
			buildSettings = {
				ALWAYS_EMBED_SWIFT_STANDARD_LIBRARIES = YES;
				CODE_SIGN_STYLE = Automatic;
				INFOPLIST_FILE = "Flight Tracker NetworkUITests/Info.plist";
				LD_RUNPATH_SEARCH_PATHS = (
					"$(inherited)",
					"@executable_path/Frameworks",
					"@loader_path/Frameworks",
				);
				PRODUCT_BUNDLE_IDENTIFIER = "com.mbusi.Flight-Tracker-NetworkUITests";
				PRODUCT_NAME = "$(TARGET_NAME)";
				SWIFT_VERSION = 5.0;
				TARGETED_DEVICE_FAMILY = "1,2";
				TEST_TARGET_NAME = "Flight Tracker Network";
			};
			name = Debug;
		};
		CC9A3C00250598E80019C07F /* Release */ = {
			isa = XCBuildConfiguration;
			buildSettings = {
				ALWAYS_EMBED_SWIFT_STANDARD_LIBRARIES = YES;
				CODE_SIGN_STYLE = Automatic;
				INFOPLIST_FILE = "Flight Tracker NetworkUITests/Info.plist";
				LD_RUNPATH_SEARCH_PATHS = (
					"$(inherited)",
					"@executable_path/Frameworks",
					"@loader_path/Frameworks",
				);
				PRODUCT_BUNDLE_IDENTIFIER = "com.mbusi.Flight-Tracker-NetworkUITests";
				PRODUCT_NAME = "$(TARGET_NAME)";
				SWIFT_VERSION = 5.0;
				TARGETED_DEVICE_FAMILY = "1,2";
				TEST_TARGET_NAME = "Flight Tracker Network";
			};
			name = Release;
		};
/* End XCBuildConfiguration section */

/* Begin XCConfigurationList section */
		CC9A3BC9250598E10019C07F /* Build configuration list for PBXProject "Flight Tracker Network" */ = {
			isa = XCConfigurationList;
			buildConfigurations = (
				CC9A3BF6250598E80019C07F /* Debug */,
				CC9A3BF7250598E80019C07F /* Release */,
			);
			defaultConfigurationIsVisible = 0;
			defaultConfigurationName = Release;
		};
		CC9A3BF8250598E80019C07F /* Build configuration list for PBXNativeTarget "Flight Tracker Network" */ = {
			isa = XCConfigurationList;
			buildConfigurations = (
				CC9A3BF9250598E80019C07F /* Debug */,
				CC9A3BFA250598E80019C07F /* Release */,
			);
			defaultConfigurationIsVisible = 0;
			defaultConfigurationName = Release;
		};
		CC9A3BFB250598E80019C07F /* Build configuration list for PBXNativeTarget "Flight Tracker NetworkTests" */ = {
			isa = XCConfigurationList;
			buildConfigurations = (
				CC9A3BFC250598E80019C07F /* Debug */,
				CC9A3BFD250598E80019C07F /* Release */,
			);
			defaultConfigurationIsVisible = 0;
			defaultConfigurationName = Release;
		};
		CC9A3BFE250598E80019C07F /* Build configuration list for PBXNativeTarget "Flight Tracker NetworkUITests" */ = {
			isa = XCConfigurationList;
			buildConfigurations = (
				CC9A3BFF250598E80019C07F /* Debug */,
				CC9A3C00250598E80019C07F /* Release */,
			);
			defaultConfigurationIsVisible = 0;
			defaultConfigurationName = Release;
		};
/* End XCConfigurationList section */
	};
	rootObject = CC9A3BC6250598E10019C07F /* Project object */;
}
